
Microsoft Visual Studio Solution File, Format Version 12.00
# Visual Studio Version 17
VisualStudioVersion = 17.9.34728.123
MinimumVisualStudioVersion = 10.0.40219.1
Project("{FAE04EC0-301F-11D3-BF4B-00C04F79EFBC}") = "exer 8", "exer 8.csproj", "{2A9502FA-CE9D-472F-B92C-45C5A8BDB597}"
EndProject
Global
	GlobalSection(SolutionConfigurationPlatforms) = preSolution
		Debug|Any CPU = Debug|Any CPU
		Release|Any CPU = Release|Any CPU
	EndGlobalSection
	GlobalSection(ProjectConfigurationPlatforms) = postSolution
		{2A9502FA-CE9D-472F-B92C-45C5A8BDB597}.Debug|Any CPU.ActiveCfg = Debug|Any CPU
		{2A9502FA-CE9D-472F-B92C-45C5A8BDB597}.Debug|Any CPU.Build.0 = Debug|Any CPU
		{2A9502FA-CE9D-472F-B92C-45C5A8BDB597}.Release|Any CPU.ActiveCfg = Release|Any CPU
		{2A9502FA-CE9D-472F-B92C-45C5A8BDB597}.Release|Any CPU.Build.0 = Release|Any CPU
	EndGlobalSection
	GlobalSection(SolutionProperties) = preSolution
		HideSolutionNode = FALSE
	EndGlobalSection
	GlobalSection(ExtensibilityGlobals) = postSolution
		SolutionGuid = {5B109484-A32F-447D-9463-7793B888B646}
	EndGlobalSection
EndGlobal
