
Microsoft Visual Studio Solution File, Format Version 12.00
# Visual Studio Version 17
VisualStudioVersion = 17.9.34728.123
MinimumVisualStudioVersion = 10.0.40219.1
Project("{FAE04EC0-301F-11D3-BF4B-00C04F79EFBC}") = "exer 10", "exer 10.csproj", "{4D10B6CA-63D5-4657-A767-D543BF4B8DD0}"
EndProject
Global
	GlobalSection(SolutionConfigurationPlatforms) = preSolution
		Debug|Any CPU = Debug|Any CPU
		Release|Any CPU = Release|Any CPU
	EndGlobalSection
	GlobalSection(ProjectConfigurationPlatforms) = postSolution
		{4D10B6CA-63D5-4657-A767-D543BF4B8DD0}.Debug|Any CPU.ActiveCfg = Debug|Any CPU
		{4D10B6CA-63D5-4657-A767-D543BF4B8DD0}.Debug|Any CPU.Build.0 = Debug|Any CPU
		{4D10B6CA-63D5-4657-A767-D543BF4B8DD0}.Release|Any CPU.ActiveCfg = Release|Any CPU
		{4D10B6CA-63D5-4657-A767-D543BF4B8DD0}.Release|Any CPU.Build.0 = Release|Any CPU
	EndGlobalSection
	GlobalSection(SolutionProperties) = preSolution
		HideSolutionNode = FALSE
	EndGlobalSection
	GlobalSection(ExtensibilityGlobals) = postSolution
		SolutionGuid = {BB1BC157-2267-415D-82C5-A57950A6241D}
	EndGlobalSection
EndGlobal
