
Microsoft Visual Studio Solution File, Format Version 12.00
# Visual Studio Version 17
VisualStudioVersion = 17.9.34728.123
MinimumVisualStudioVersion = 10.0.40219.1
Project("{FAE04EC0-301F-11D3-BF4B-00C04F79EFBC}") = "exer 5", "exer 5.csproj", "{D54FBA3F-E8E4-444D-802B-AB93696D9C01}"
EndProject
Global
	GlobalSection(SolutionConfigurationPlatforms) = preSolution
		Debug|Any CPU = Debug|Any CPU
		Release|Any CPU = Release|Any CPU
	EndGlobalSection
	GlobalSection(ProjectConfigurationPlatforms) = postSolution
		{D54FBA3F-E8E4-444D-802B-AB93696D9C01}.Debug|Any CPU.ActiveCfg = Debug|Any CPU
		{D54FBA3F-E8E4-444D-802B-AB93696D9C01}.Debug|Any CPU.Build.0 = Debug|Any CPU
		{D54FBA3F-E8E4-444D-802B-AB93696D9C01}.Release|Any CPU.ActiveCfg = Release|Any CPU
		{D54FBA3F-E8E4-444D-802B-AB93696D9C01}.Release|Any CPU.Build.0 = Release|Any CPU
	EndGlobalSection
	GlobalSection(SolutionProperties) = preSolution
		HideSolutionNode = FALSE
	EndGlobalSection
	GlobalSection(ExtensibilityGlobals) = postSolution
		SolutionGuid = {5C74C3EA-5940-43FA-88E6-C982ACCB092C}
	EndGlobalSection
EndGlobal
