
Microsoft Visual Studio Solution File, Format Version 12.00
# Visual Studio Version 17
VisualStudioVersion = 17.9.34728.123
MinimumVisualStudioVersion = 10.0.40219.1
Project("{FAE04EC0-301F-11D3-BF4B-00C04F79EFBC}") = "exer 3", "exer 3.csproj", "{3ADA14F5-B2A8-4F72-85BD-5D9EEC869A2C}"
EndProject
Global
	GlobalSection(SolutionConfigurationPlatforms) = preSolution
		Debug|Any CPU = Debug|Any CPU
		Release|Any CPU = Release|Any CPU
	EndGlobalSection
	GlobalSection(ProjectConfigurationPlatforms) = postSolution
		{3ADA14F5-B2A8-4F72-85BD-5D9EEC869A2C}.Debug|Any CPU.ActiveCfg = Debug|Any CPU
		{3ADA14F5-B2A8-4F72-85BD-5D9EEC869A2C}.Debug|Any CPU.Build.0 = Debug|Any CPU
		{3ADA14F5-B2A8-4F72-85BD-5D9EEC869A2C}.Release|Any CPU.ActiveCfg = Release|Any CPU
		{3ADA14F5-B2A8-4F72-85BD-5D9EEC869A2C}.Release|Any CPU.Build.0 = Release|Any CPU
	EndGlobalSection
	GlobalSection(SolutionProperties) = preSolution
		HideSolutionNode = FALSE
	EndGlobalSection
	GlobalSection(ExtensibilityGlobals) = postSolution
		SolutionGuid = {75E11DE3-D3BA-47F0-A8F3-016D20606EFE}
	EndGlobalSection
EndGlobal
